annotated-types==0.8.0
beautifulsoup4==4.15.0
certifi==2026.7.22
cfgv==3.5.0
charset-normalizer==3.5.2
contourpy==1.4.0
coverage==7.16.2
cycler==0.12.1
distlib==0.4.3
et-xmlfile==2.0.0
filelock==4.0.11
fonttools==4.66.1
identify==2.6.20
idna==3.20
importlib-metadata==9.0.1
iniconfig==2.3.0
kiwisolver==1.5.1
matplotlib==3.11.2
nodeenv==1.11.0
numpy==2.5.3
openpyxl==3.1.5
packaging==26.3
pandas==3.0.6
pillow==12.3.0
platformdirs==4.12.3
pluggy==1.6.0
pre-commit==4.6.2
psutil==7.2.2
pydantic==2.13.5
pydantic-core==2.46.5
pygments==2.21.0
pyparsing==3.3.3
pytest==9.1.1
pytest-cov==7.1.0
pytest-timeout==2.4.0
python-dateutil==2.9.0.post0
python-discovery==1.6.1
pytz==2026.5
pyyaml==6.0.3
requests==2.34.2
ruff==0.16.10
seaborn==0.13.2
six==1.17.0
soupsieve==2.10
tenacity==9.1.4
typing-extensions==4.16.0
typing-inspection==0.4.4
urllib3==2.8.0
virtualenv==21.14.5
zipp==4.1.1
